{
  "requires": true,
  "lockfileVersion": 1,
  "dependencies": {
    "fast-deep-equal": {
      "version": "2.0.1",
      "resolved": "https://registry.npmjs.org/fast-deep-equal/-/fast-deep-equal-2.0.1.tgz",
      "integrity": "sha1-ewUhjd+WZ79/Nwv3/bLLFf3Qqkk="
    },
    "swr": {
      "version": "0.2.0",
      "resolved": "https://registry.npmjs.org/swr/-/swr-0.2.0.tgz",
      "integrity": "sha512-8IZCdM0deUPhDiqOmyaj0BsnNjav1fu83nD0d07PEAzOHOn+lxcJOxwXeDBShwF6qCeZ8u8ab+a2yXkjD8yT3A==",
      "requires": {
        "fast-deep-equal": "2.0.1"
      }
    }
  }
}
