{
  "name": "serverless-functions",
  "version": "1.0.0",
  "lockfileVersion": 1,
  "requires": true,
  "dependencies": {
    "@prisma/client": {
      "version": "2.0.0-beta.5",
      "resolved": "https://registry.npmjs.org/@prisma/client/-/client-2.0.0-beta.5.tgz",
      "integrity": "sha512-Ov7rOV5h+nu+zSFG61OvOTsDjQX+QSa8AI0sYbNSsfL9MvEMtb7mMCiGsQRdHGvxbqErFuqlN83+eUCR/umb1Q=="
    },
    "@types/node": {
      "version": "14.0.5",
      "resolved": "https://registry.npmjs.org/@types/node/-/node-14.0.5.tgz",
      "integrity": "sha512-90hiq6/VqtQgX8Sp0EzeIsv3r+ellbGj4URKj5j30tLlZvRUpnAe9YbYnjl3pJM93GyXU0tghHhvXHq+5rnCKA=="
    },
    "qs": {
      "version": "6.9.4",
      "resolved": "https://registry.npmjs.org/qs/-/qs-6.9.4.tgz",
      "integrity": "sha512-A1kFqHekCTM7cz0udomYUoYNWjBebHm/5wzU/XqrBRBNWectVH0QIiN+NEcZ0Dte5hvzHwbr8+XQmguPhJ6WdQ=="
    },
    "stripe": {
      "version": "8.55.0",
      "resolved": "https://registry.npmjs.org/stripe/-/stripe-8.55.0.tgz",
      "integrity": "sha512-C5kRkM5OXMqF9ulh3wWKNBQHZlgWwsX7IqICuXyCZ6r3beKK04vsvpG9Iov+WN/3HTeiKCkkiQUCAOFHnI0anA==",
      "requires": {
        "@types/node": ">=8.1.0",
        "qs": "^6.6.0"
      }
    }
  }
}
